
Microsoft Visual Studio Solution File, Format Version 12.00
Project("{FAE04EC0-301F-11D3-BF4B-00C04F79EFBC}") = "OpenSkillSharp", "OpenSkillSharp\OpenSkillSharp.csproj", "{B91B7D23-2D74-403A-83CF-E5A6C078FA50}"
EndProject
Project("{FAE04EC0-301F-11D3-BF4B-00C04F79EFBC}") = "OpenSkillSharp.Tests", "OpenSkillSharp.Tests\OpenSkillSharp.Tests.csproj", "{7B24FC35-02E2-40FB-AC4B-0165DF4EC27B}"
EndProject
Global
	GlobalSection(SolutionConfigurationPlatforms) = preSolution
		Debug|Any CPU = Debug|Any CPU
		Release|Any CPU = Release|Any CPU
	EndGlobalSection
	GlobalSection(ProjectConfigurationPlatforms) = postSolution
		{B91B7D23-2D74-403A-83CF-E5A6C078FA50}.Debug|Any CPU.ActiveCfg = Debug|Any CPU
		{B91B7D23-2D74-403A-83CF-E5A6C078FA50}.Debug|Any CPU.Build.0 = Debug|Any CPU
		{B91B7D23-2D74-403A-83CF-E5A6C078FA50}.Release|Any CPU.ActiveCfg = Release|Any CPU
		{B91B7D23-2D74-403A-83CF-E5A6C078FA50}.Release|Any CPU.Build.0 = Release|Any CPU
		{7B24FC35-02E2-40FB-AC4B-0165DF4EC27B}.Debug|Any CPU.ActiveCfg = Debug|Any CPU
		{7B24FC35-02E2-40FB-AC4B-0165DF4EC27B}.Debug|Any CPU.Build.0 = Debug|Any CPU
		{7B24FC35-02E2-40FB-AC4B-0165DF4EC27B}.Release|Any CPU.ActiveCfg = Release|Any CPU
		{7B24FC35-02E2-40FB-AC4B-0165DF4EC27B}.Release|Any CPU.Build.0 = Release|Any CPU
	EndGlobalSection
EndGlobal
