
Microsoft Visual Studio Solution File, Format Version 12.00
Project("{FAE04EC0-301F-11D3-BF4B-00C04F79EFBC}") = "osu.Server.Spectator", "osu.Server.Spectator\osu.Server.Spectator.csproj", "{25BA3E1C-81EC-4DFB-9476-E7C6132CAD12}"
EndProject
Project("{FAE04EC0-301F-11D3-BF4B-00C04F79EFBC}") = "osu.Server.Spectator.Tests", "osu.Server.Spectator.Tests\osu.Server.Spectator.Tests.csproj", "{8FA8D3BE-FC98-45F6-98FC-07F70DD2483B}"
EndProject
Project("{FAE04EC0-301F-11D3-BF4B-00C04F79EFBC}") = "SampleSpectatorClient", "SampleSpectatorClient\SampleSpectatorClient.csproj", "{E126B79F-50B9-4448-8DE6-564BB820EE9D}"
EndProject
Project("{FAE04EC0-301F-11D3-BF4B-00C04F79EFBC}") = "SampleMultiplayerClient", "SampleMultiplayerClient\SampleMultiplayerClient.csproj", "{1F6CE8F8-1CF5-455B-9064-63CC12410B56}"
EndProject
Project("{FAE04EC0-301F-11D3-BF4B-00C04F79EFBC}") = "OpenSkillSharp", "OpenSkillSharp\OpenSkillSharp\OpenSkillSharp.csproj", "{83AFACA3-131F-4CCF-8FE9-6547DBCBA7CE}"
EndProject
Project("{FAE04EC0-301F-11D3-BF4B-00C04F79EFBC}") = "OpenSkillSharp.Tests", "OpenSkillSharp\OpenSkillSharp.Tests\OpenSkillSharp.Tests.csproj", "{0F08CFC2-0BF4-4427-9C9D-64DF068BA582}"
EndProject
Project("{2150E333-8FDC-42A3-9474-1A3956D46DE8}") = "External", "External", "{12457F88-5F95-496B-AC65-3F09E296840B}"
EndProject
Global
	GlobalSection(SolutionConfigurationPlatforms) = preSolution
		Debug|Any CPU = Debug|Any CPU
		Release|Any CPU = Release|Any CPU
	EndGlobalSection
	GlobalSection(ProjectConfigurationPlatforms) = postSolution
		{25BA3E1C-81EC-4DFB-9476-E7C6132CAD12}.Debug|Any CPU.ActiveCfg = Debug|Any CPU
		{25BA3E1C-81EC-4DFB-9476-E7C6132CAD12}.Debug|Any CPU.Build.0 = Debug|Any CPU
		{25BA3E1C-81EC-4DFB-9476-E7C6132CAD12}.Release|Any CPU.ActiveCfg = Release|Any CPU
		{25BA3E1C-81EC-4DFB-9476-E7C6132CAD12}.Release|Any CPU.Build.0 = Release|Any CPU
		{8FA8D3BE-FC98-45F6-98FC-07F70DD2483B}.Debug|Any CPU.ActiveCfg = Debug|Any CPU
		{8FA8D3BE-FC98-45F6-98FC-07F70DD2483B}.Debug|Any CPU.Build.0 = Debug|Any CPU
		{8FA8D3BE-FC98-45F6-98FC-07F70DD2483B}.Release|Any CPU.ActiveCfg = Release|Any CPU
		{8FA8D3BE-FC98-45F6-98FC-07F70DD2483B}.Release|Any CPU.Build.0 = Release|Any CPU
		{E126B79F-50B9-4448-8DE6-564BB820EE9D}.Debug|Any CPU.ActiveCfg = Debug|Any CPU
		{E126B79F-50B9-4448-8DE6-564BB820EE9D}.Debug|Any CPU.Build.0 = Debug|Any CPU
		{E126B79F-50B9-4448-8DE6-564BB820EE9D}.Release|Any CPU.ActiveCfg = Release|Any CPU
		{E126B79F-50B9-4448-8DE6-564BB820EE9D}.Release|Any CPU.Build.0 = Release|Any CPU
		{1F6CE8F8-1CF5-455B-9064-63CC12410B56}.Debug|Any CPU.ActiveCfg = Debug|Any CPU
		{1F6CE8F8-1CF5-455B-9064-63CC12410B56}.Debug|Any CPU.Build.0 = Debug|Any CPU
		{1F6CE8F8-1CF5-455B-9064-63CC12410B56}.Release|Any CPU.ActiveCfg = Release|Any CPU
		{1F6CE8F8-1CF5-455B-9064-63CC12410B56}.Release|Any CPU.Build.0 = Release|Any CPU
		{83AFACA3-131F-4CCF-8FE9-6547DBCBA7CE}.Debug|Any CPU.ActiveCfg = Debug|Any CPU
		{83AFACA3-131F-4CCF-8FE9-6547DBCBA7CE}.Debug|Any CPU.Build.0 = Debug|Any CPU
		{83AFACA3-131F-4CCF-8FE9-6547DBCBA7CE}.Release|Any CPU.ActiveCfg = Release|Any CPU
		{83AFACA3-131F-4CCF-8FE9-6547DBCBA7CE}.Release|Any CPU.Build.0 = Release|Any CPU
		{0F08CFC2-0BF4-4427-9C9D-64DF068BA582}.Debug|Any CPU.ActiveCfg = Debug|Any CPU
		{0F08CFC2-0BF4-4427-9C9D-64DF068BA582}.Debug|Any CPU.Build.0 = Debug|Any CPU
		{0F08CFC2-0BF4-4427-9C9D-64DF068BA582}.Release|Any CPU.ActiveCfg = Release|Any CPU
		{0F08CFC2-0BF4-4427-9C9D-64DF068BA582}.Release|Any CPU.Build.0 = Release|Any CPU
	EndGlobalSection
	GlobalSection(NestedProjects) = preSolution
		{83AFACA3-131F-4CCF-8FE9-6547DBCBA7CE} = {12457F88-5F95-496B-AC65-3F09E296840B}
		{0F08CFC2-0BF4-4427-9C9D-64DF068BA582} = {12457F88-5F95-496B-AC65-3F09E296840B}
	EndGlobalSection
EndGlobal
